
Microsoft Visual Studio Solution File, Format Version 12.00
# Visual Studio Version 16
VisualStudioVersion = 16.0.29728.190
MinimumVisualStudioVersion = 10.0.40219.1
Project("{FAE04EC0-301F-11D3-BF4B-00C04F79EFBC}") = "Home Exercise 1", "Home Exercise 1.csproj", "{43BF1792-E4DB-44CA-BA81-AE0DC05DCA4D}"
EndProject
Global
	GlobalSection(SolutionConfigurationPlatforms) = preSolution
		Debug|Any CPU = Debug|Any CPU
		Release|Any CPU = Release|Any CPU
	EndGlobalSection
	GlobalSection(ProjectConfigurationPlatforms) = postSolution
		{43BF1792-E4DB-44CA-BA81-AE0DC05DCA4D}.Debug|Any CPU.ActiveCfg = Debug|Any CPU
		{43BF1792-E4DB-44CA-BA81-AE0DC05DCA4D}.Debug|Any CPU.Build.0 = Debug|Any CPU
		{43BF1792-E4DB-44CA-BA81-AE0DC05DCA4D}.Release|Any CPU.ActiveCfg = Release|Any CPU
		{43BF1792-E4DB-44CA-BA81-AE0DC05DCA4D}.Release|Any CPU.Build.0 = Release|Any CPU
	EndGlobalSection
	GlobalSection(SolutionProperties) = preSolution
		HideSolutionNode = FALSE
	EndGlobalSection
	GlobalSection(ExtensibilityGlobals) = postSolution
		SolutionGuid = {FADC586F-AD1D-47FB-8AAB-B43B9231B829}
	EndGlobalSection
EndGlobal
